// !$*UTF8*$!
{
	archiveVersion = 1;
	classes = {
	};
	objectVersion = 50;
	objects = {

/* Begin PBXBuildFile section */
		6709E19B263D6B6B00A621A1 /* VideoPlayerViewModel.swift in Sources */ = {isa = PBXBuildFile; fileRef = 6709E19A263D6B6B00A621A1 /* VideoPlayerViewModel.swift */; };
		67BBB850263C2FD80029C9FE /* UI_171App.swift in Sources */ = {isa = PBXBuildFile; fileRef = 67BBB84F263C2FD80029C9FE /* UI_171App.swift */; };
		67BBB852263C2FD80029C9FE /* ContentView.swift in Sources */ = {isa = PBXBuildFile; fileRef = 67BBB851263C2FD80029C9FE /* ContentView.swift */; };
		67BBB854263C2FD80029C9FE /* Assets.xcassets in Resources */ = {isa = PBXBuildFile; fileRef = 67BBB853263C2FD80029C9FE /* Assets.xcassets */; };
		67BBB857263C2FD80029C9FE /* Preview Assets.xcassets in Resources */ = {isa = PBXBuildFile; fileRef = 67BBB856263C2FD80029C9FE /* Preview Assets.xcassets */; };
		67BBB861263C30180029C9FE /* MainView.swift in Sources */ = {isa = PBXBuildFile; fileRef = 67BBB860263C30180029C9FE /* MainView.swift */; };
		67BBB863263C305E0029C9FE /* profile.swift in Sources */ = {isa = PBXBuildFile; fileRef = 67BBB862263C305E0029C9FE /* profile.swift */; };
		67BBB865263C31190029C9FE /* RecentRowView.swift in Sources */ = {isa = PBXBuildFile; fileRef = 67BBB864263C31190029C9FE /* RecentRowView.swift */; };
		67BBB868263C33280029C9FE /* MainViewModel.swift in Sources */ = {isa = PBXBuildFile; fileRef = 67BBB867263C33280029C9FE /* MainViewModel.swift */; };
		67BBB86A263C345B0029C9FE /* profileDateView.swift in Sources */ = {isa = PBXBuildFile; fileRef = 67BBB869263C345B0029C9FE /* profileDateView.swift */; };
/* End PBXBuildFile section */

/* Begin PBXFileReference section */
		6709E19A263D6B6B00A621A1 /* VideoPlayerViewModel.swift */ = {isa = PBXFileReference; lastKnownFileType = sourcecode.swift; path = VideoPlayerViewModel.swift; sourceTree = "<group>"; };
		67BBB84C263C2FD80029C9FE /* UI-171.app */ = {isa = PBXFileReference; explicitFileType = wrapper.application; includeInIndex = 0; path = "UI-171.app"; sourceTree = BUILT_PRODUCTS_DIR; };
		67BBB84F263C2FD80029C9FE /* UI_171App.swift */ = {isa = PBXFileReference; lastKnownFileType = sourcecode.swift; path = UI_171App.swift; sourceTree = "<group>"; };
		67BBB851263C2FD80029C9FE /* ContentView.swift */ = {isa = PBXFileReference; lastKnownFileType = sourcecode.swift; path = ContentView.swift; sourceTree = "<group>"; };
		67BBB853263C2FD80029C9FE /* Assets.xcassets */ = {isa = PBXFileReference; lastKnownFileType = folder.assetcatalog; path = Assets.xcassets; sourceTree = "<group>"; };
		67BBB856263C2FD80029C9FE /* Preview Assets.xcassets */ = {isa = PBXFileReference; lastKnownFileType = folder.assetcatalog; path = "Preview Assets.xcassets"; sourceTree = "<group>"; };
		67BBB858263C2FD80029C9FE /* Info.plist */ = {isa = PBXFileReference; lastKnownFileType = text.plist.xml; path = Info.plist; sourceTree = "<group>"; };
		67BBB860263C30180029C9FE /* MainView.swift */ = {isa = PBXFileReference; lastKnownFileType = sourcecode.swift; name = MainView.swift; path = ../../../MainView.swift; sourceTree = "<group>"; };
		67BBB862263C305E0029C9FE /* profile.swift */ = {isa = PBXFileReference; lastKnownFileType = sourcecode.swift; path = profile.swift; sourceTree = "<group>"; };
		67BBB864263C31190029C9FE /* RecentRowView.swift */ = {isa = PBXFileReference; lastKnownFileType = sourcecode.swift; path = RecentRowView.swift; sourceTree = "<group>"; };
		67BBB867263C33280029C9FE /* MainViewModel.swift */ = {isa = PBXFileReference; lastKnownFileType = sourcecode.swift; path = MainViewModel.swift; sourceTree = "<group>"; };
		67BBB869263C345B0029C9FE /* profileDateView.swift */ = {isa = PBXFileReference; lastKnownFileType = sourcecode.swift; path = profileDateView.swift; sourceTree = "<group>"; };
/* End PBXFileReference section */

/* Begin PBXFrameworksBuildPhase section */
		67BBB849263C2FD80029C9FE /* Frameworks */ = {
			isa = PBXFrameworksBuildPhase;
			buildActionMask = 2147483647;
			files = (
			);
			runOnlyForDeploymentPostprocessing = 0;
		};
/* End PBXFrameworksBuildPhase section */

/* Begin PBXGroup section */
		67BBB843263C2FD80029C9FE = {
			isa = PBXGroup;
			children = (
				67BBB84E263C2FD80029C9FE /* UI-171 */,
				67BBB84D263C2FD80029C9FE /* Products */,
			);
			sourceTree = "<group>";
		};
		67BBB84D263C2FD80029C9FE /* Products */ = {
			isa = PBXGroup;
			children = (
				67BBB84C263C2FD80029C9FE /* UI-171.app */,
			);
			name = Products;
			sourceTree = "<group>";
		};
		67BBB84E263C2FD80029C9FE /* UI-171 */ = {
			isa = PBXGroup;
			children = (
				67BBB866263C33150029C9FE /* ViewModel */,
				67BBB85F263C30000029C9FE /* Model */,
				67BBB85E263C2FF10029C9FE /* View */,
				67BBB84F263C2FD80029C9FE /* UI_171App.swift */,
				67BBB851263C2FD80029C9FE /* ContentView.swift */,
				67BBB853263C2FD80029C9FE /* Assets.xcassets */,
				67BBB858263C2FD80029C9FE /* Info.plist */,
				67BBB855263C2FD80029C9FE /* Preview Content */,
			);
			path = "UI-171";
			sourceTree = "<group>";
		};
		67BBB855263C2FD80029C9FE /* Preview Content */ = {
			isa = PBXGroup;
			children = (
				67BBB856263C2FD80029C9FE /* Preview Assets.xcassets */,
			);
			path = "Preview Content";
			sourceTree = "<group>";
		};
		67BBB85E263C2FF10029C9FE /* View */ = {
			isa = PBXGroup;
			children = (
				67BBB860263C30180029C9FE /* MainView.swift */,
				67BBB864263C31190029C9FE /* RecentRowView.swift */,
				67BBB869263C345B0029C9FE /* profileDateView.swift */,
			);
			path = View;
			sourceTree = "<group>";
		};
		67BBB85F263C30000029C9FE /* Model */ = {
			isa = PBXGroup;
			children = (
				67BBB862263C305E0029C9FE /* profile.swift */,
			);
			name = Model;
			path = "New Group1";
			sourceTree = "<group>";
		};
		67BBB866263C33150029C9FE /* ViewModel */ = {
			isa = PBXGroup;
			children = (
				67BBB867263C33280029C9FE /* MainViewModel.swift */,
				6709E19A263D6B6B00A621A1 /* VideoPlayerViewModel.swift */,
			);
			path = ViewModel;
			sourceTree = "<group>";
		};
/* End PBXGroup section */

/* Begin PBXNativeTarget section */
		67BBB84B263C2FD80029C9FE /* UI-171 */ = {
			isa = PBXNativeTarget;
			buildConfigurationList = 67BBB85B263C2FD80029C9FE /* Build configuration list for PBXNativeTarget "UI-171" */;
			buildPhases = (
				67BBB848263C2FD80029C9FE /* Sources */,
				67BBB849263C2FD80029C9FE /* Frameworks */,
				67BBB84A263C2FD80029C9FE /* Resources */,
			);
			buildRules = (
			);
			dependencies = (
			);
			name = "UI-171";
			productName = "UI-171";
			productReference = 67BBB84C263C2FD80029C9FE /* UI-171.app */;
			productType = "com.apple.product-type.application";
		};
/* End PBXNativeTarget section */

/* Begin PBXProject section */
		67BBB844263C2FD80029C9FE /* Project object */ = {
			isa = PBXProject;
			attributes = {
				LastSwiftUpdateCheck = 1250;
				LastUpgradeCheck = 1250;
				TargetAttributes = {
					67BBB84B263C2FD80029C9FE = {
						CreatedOnToolsVersion = 12.5;
					};
				};
			};
			buildConfigurationList = 67BBB847263C2FD80029C9FE /* Build configuration list for PBXProject "UI-171" */;
			compatibilityVersion = "Xcode 9.3";
			developmentRegion = en;
			hasScannedForEncodings = 0;
			knownRegions = (
				en,
				Base,
			);
			mainGroup = 67BBB843263C2FD80029C9FE;
			productRefGroup = 67BBB84D263C2FD80029C9FE /* Products */;
			projectDirPath = "";
			projectRoot = "";
			targets = (
				67BBB84B263C2FD80029C9FE /* UI-171 */,
			);
		};
/* End PBXProject section */

/* Begin PBXResourcesBuildPhase section */
		67BBB84A263C2FD80029C9FE /* Resources */ = {
			isa = PBXResourcesBuildPhase;
			buildActionMask = 2147483647;
			files = (
				67BBB857263C2FD80029C9FE /* Preview Assets.xcassets in Resources */,
				67BBB854263C2FD80029C9FE /* Assets.xcassets in Resources */,
			);
			runOnlyForDeploymentPostprocessing = 0;
		};
/* End PBXResourcesBuildPhase section */

/* Begin PBXSourcesBuildPhase section */
		67BBB848263C2FD80029C9FE /* Sources */ = {
			isa = PBXSourcesBuildPhase;
			buildActionMask = 2147483647;
			files = (
				67BBB852263C2FD80029C9FE /* ContentView.swift in Sources */,
				67BBB865263C31190029C9FE /* RecentRowView.swift in Sources */,
				6709E19B263D6B6B00A621A1 /* VideoPlayerViewModel.swift in Sources */,
				67BBB863263C305E0029C9FE /* profile.swift in Sources */,
				67BBB861263C30180029C9FE /* MainView.swift in Sources */,
				67BBB86A263C345B0029C9FE /* profileDateView.swift in Sources */,
				67BBB850263C2FD80029C9FE /* UI_171App.swift in Sources */,
				67BBB868263C33280029C9FE /* MainViewModel.swift in Sources */,
			);
			runOnlyForDeploymentPostprocessing = 0;
		};
/* End PBXSourcesBuildPhase section */

/* Begin XCBuildConfiguration section */
		67BBB859263C2FD80029C9FE /* Debug */ = {
			isa = XCBuildConfiguration;
			buildSettings = {
				ALWAYS_SEARCH_USER_PATHS = NO;
				CLANG_ANALYZER_NONNULL = YES;
				CLANG_ANALYZER_NUMBER_OBJECT_CONVERSION = YES_AGGRESSIVE;
				CLANG_CXX_LANGUAGE_STANDARD = "gnu++14";
				CLANG_CXX_LIBRARY = "libc++";
				CLANG_ENABLE_MODULES = YES;
				CLANG_ENABLE_OBJC_ARC = YES;
				CLANG_ENABLE_OBJC_WEAK = YES;
				CLANG_WARN_BLOCK_CAPTURE_AUTORELEASING = YES;
				CLANG_WARN_BOOL_CONVERSION = YES;
				CLANG_WARN_COMMA = YES;
				CLANG_WARN_CONSTANT_CONVERSION = YES;
				CLANG_WARN_DEPRECATED_OBJC_IMPLEMENTATIONS = YES;
				CLANG_WARN_DIRECT_OBJC_ISA_USAGE = YES_ERROR;
				CLANG_WARN_DOCUMENTATION_COMMENTS = YES;
				CLANG_WARN_EMPTY_BODY = YES;
				CLANG_WARN_ENUM_CONVERSION = YES;
				CLANG_WARN_INFINITE_RECURSION = YES;
				CLANG_WARN_INT_CONVERSION = YES;
				CLANG_WARN_NON_LITERAL_NULL_CONVERSION = YES;
				CLANG_WARN_OBJC_IMPLICIT_RETAIN_SELF = YES;
				CLANG_WARN_OBJC_LITERAL_CONVERSION = YES;
				CLANG_WARN_OBJC_ROOT_CLASS = YES_ERROR;
				CLANG_WARN_QUOTED_INCLUDE_IN_FRAMEWORK_HEADER = YES;
				CLANG_WARN_RANGE_LOOP_ANALYSIS = YES;
				CLANG_WARN_STRICT_PROTOTYPES = YES;
				CLANG_WARN_SUSPICIOUS_MOVE = YES;
				CLANG_WARN_UNGUARDED_AVAILABILITY = YES_AGGRESSIVE;
				CLANG_WARN_UNREACHABLE_CODE = YES;
				CLANG_WARN__DUPLICATE_METHOD_MATCH = YES;
				COPY_PHASE_STRIP = NO;
				DEBUG_INFORMATION_FORMAT = dwarf;
				ENABLE_STRICT_OBJC_MSGSEND = YES;
				ENABLE_TESTABILITY = YES;
				GCC_C_LANGUAGE_STANDARD = gnu11;
				GCC_DYNAMIC_NO_PIC = NO;
				GCC_NO_COMMON_BLOCKS = YES;
				GCC_OPTIMIZATION_LEVEL = 0;
				GCC_PREPROCESSOR_DEFINITIONS = (
					"DEBUG=1",
					"$(inherited)",
				);
				GCC_WARN_64_TO_32_BIT_CONVERSION = YES;
				GCC_WARN_ABOUT_RETURN_TYPE = YES_ERROR;
				GCC_WARN_UNDECLARED_SELECTOR = YES;
				GCC_WARN_UNINITIALIZED_AUTOS = YES_AGGRESSIVE;
				GCC_WARN_UNUSED_FUNCTION = YES;
				GCC_WARN_UNUSED_VARIABLE = YES;
				IPHONEOS_DEPLOYMENT_TARGET = 14.5;
				MTL_ENABLE_DEBUG_INFO = INCLUDE_SOURCE;
				MTL_FAST_MATH = YES;
				ONLY_ACTIVE_ARCH = YES;
				SDKROOT = iphoneos;
				SWIFT_ACTIVE_COMPILATION_CONDITIONS = DEBUG;
				SWIFT_OPTIMIZATION_LEVEL = "-Onone";
			};
			name = Debug;
		};
		67BBB85A263C2FD80029C9FE /* Release */ = {
			isa = XCBuildConfiguration;
			buildSettings = {
				ALWAYS_SEARCH_USER_PATHS = NO;
				CLANG_ANALYZER_NONNULL = YES;
				CLANG_ANALYZER_NUMBER_OBJECT_CONVERSION = YES_AGGRESSIVE;
				CLANG_CXX_LANGUAGE_STANDARD = "gnu++14";
				CLANG_CXX_LIBRARY = "libc++";
				CLANG_ENABLE_MODULES = YES;
				CLANG_ENABLE_OBJC_ARC = YES;
				CLANG_ENABLE_OBJC_WEAK = YES;
				CLANG_WARN_BLOCK_CAPTURE_AUTORELEASING = YES;
				CLANG_WARN_BOOL_CONVERSION = YES;
				CLANG_WARN_COMMA = YES;
				CLANG_WARN_CONSTANT_CONVERSION = YES;
				CLANG_WARN_DEPRECATED_OBJC_IMPLEMENTATIONS = YES;
				CLANG_WARN_DIRECT_OBJC_ISA_USAGE = YES_ERROR;
				CLANG_WARN_DOCUMENTATION_COMMENTS = YES;
				CLANG_WARN_EMPTY_BODY = YES;
				CLANG_WARN_ENUM_CONVERSION = YES;
				CLANG_WARN_INFINITE_RECURSION = YES;
				CLANG_WARN_INT_CONVERSION = YES;
				CLANG_WARN_NON_LITERAL_NULL_CONVERSION = YES;
				CLANG_WARN_OBJC_IMPLICIT_RETAIN_SELF = YES;
				CLANG_WARN_OBJC_LITERAL_CONVERSION = YES;
				CLANG_WARN_OBJC_ROOT_CLASS = YES_ERROR;
				CLANG_WARN_QUOTED_INCLUDE_IN_FRAMEWORK_HEADER = YES;
				CLANG_WARN_RANGE_LOOP_ANALYSIS = YES;
				CLANG_WARN_STRICT_PROTOTYPES = YES;
				CLANG_WARN_SUSPICIOUS_MOVE = YES;
				CLANG_WARN_UNGUARDED_AVAILABILITY = YES_AGGRESSIVE;
				CLANG_WARN_UNREACHABLE_CODE = YES;
				CLANG_WARN__DUPLICATE_METHOD_MATCH = YES;
				COPY_PHASE_STRIP = NO;
				DEBUG_INFORMATION_FORMAT = "dwarf-with-dsym";
				ENABLE_NS_ASSERTIONS = NO;
				ENABLE_STRICT_OBJC_MSGSEND = YES;
				GCC_C_LANGUAGE_STANDARD = gnu11;
				GCC_NO_COMMON_BLOCKS = YES;
				GCC_WARN_64_TO_32_BIT_CONVERSION = YES;
				GCC_WARN_ABOUT_RETURN_TYPE = YES_ERROR;
				GCC_WARN_UNDECLARED_SELECTOR = YES;
				GCC_WARN_UNINITIALIZED_AUTOS = YES_AGGRESSIVE;
				GCC_WARN_UNUSED_FUNCTION = YES;
				GCC_WARN_UNUSED_VARIABLE = YES;
				IPHONEOS_DEPLOYMENT_TARGET = 14.5;
				MTL_ENABLE_DEBUG_INFO = NO;
				MTL_FAST_MATH = YES;
				SDKROOT = iphoneos;
				SWIFT_COMPILATION_MODE = wholemodule;
				SWIFT_OPTIMIZATION_LEVEL = "-O";
				VALIDATE_PRODUCT = YES;
			};
			name = Release;
		};
		67BBB85C263C2FD80029C9FE /* Debug */ = {
			isa = XCBuildConfiguration;
			buildSettings = {
				ASSETCATALOG_COMPILER_APPICON_NAME = AppIcon;
				ASSETCATALOG_COMPILER_GLOBAL_ACCENT_COLOR_NAME = AccentColor;
				CODE_SIGN_STYLE = Automatic;
				DEVELOPMENT_ASSET_PATHS = "\"UI-171/Preview Content\"";
				ENABLE_PREVIEWS = YES;
				INFOPLIST_FILE = "UI-171/Info.plist";
				IPHONEOS_DEPLOYMENT_TARGET = 14.0;
				LD_RUNPATH_SEARCH_PATHS = (
					"$(inherited)",
					"@executable_path/Frameworks",
				);
				PRODUCT_BUNDLE_IDENTIFIER = "com.uzu.UI-171";
				PRODUCT_NAME = "$(TARGET_NAME)";
				SWIFT_VERSION = 5.0;
				TARGETED_DEVICE_FAMILY = "1,2";
			};
			name = Debug;
		};
		67BBB85D263C2FD80029C9FE /* Release */ = {
			isa = XCBuildConfiguration;
			buildSettings = {
				ASSETCATALOG_COMPILER_APPICON_NAME = AppIcon;
				ASSETCATALOG_COMPILER_GLOBAL_ACCENT_COLOR_NAME = AccentColor;
				CODE_SIGN_STYLE = Automatic;
				DEVELOPMENT_ASSET_PATHS = "\"UI-171/Preview Content\"";
				ENABLE_PREVIEWS = YES;
				INFOPLIST_FILE = "UI-171/Info.plist";
				IPHONEOS_DEPLOYMENT_TARGET = 14.0;
				LD_RUNPATH_SEARCH_PATHS = (
					"$(inherited)",
					"@executable_path/Frameworks",
				);
				PRODUCT_BUNDLE_IDENTIFIER = "com.uzu.UI-171";
				PRODUCT_NAME = "$(TARGET_NAME)";
				SWIFT_VERSION = 5.0;
				TARGETED_DEVICE_FAMILY = "1,2";
			};
			name = Release;
		};
/* End XCBuildConfiguration section */

/* Begin XCConfigurationList section */
		67BBB847263C2FD80029C9FE /* Build configuration list for PBXProject "UI-171" */ = {
			isa = XCConfigurationList;
			buildConfigurations = (
				67BBB859263C2FD80029C9FE /* Debug */,
				67BBB85A263C2FD80029C9FE /* Release */,
			);
			defaultConfigurationIsVisible = 0;
			defaultConfigurationName = Release;
		};
		67BBB85B263C2FD80029C9FE /* Build configuration list for PBXNativeTarget "UI-171" */ = {
			isa = XCConfigurationList;
			buildConfigurations = (
				67BBB85C263C2FD80029C9FE /* Debug */,
				67BBB85D263C2FD80029C9FE /* Release */,
			);
			defaultConfigurationIsVisible = 0;
			defaultConfigurationName = Release;
		};
/* End XCConfigurationList section */
	};
	rootObject = 67BBB844263C2FD80029C9FE /* Project object */;
}
